{
  "name": "commercetools-buyer-api",
  "version": "1.0.0",
  "lockfileVersion": 1,
  "requires": true,
  "dependencies": {
    "@commercetools/api-request-builder": {
      "version": "5.6.3",
      "resolved": "https://registry.npmjs.org/@commercetools/api-request-builder/-/api-request-builder-5.6.3.tgz",
      "integrity": "sha512-Oazb2Exuc4RR+p86m1xFkruQscX/hakejCSiUrxOmeqMKY5CBeFXXVAlfpDTjxgZ0nXgkPWGWye1FHCXlSRLOw=="
    },
    "@commercetools/sdk-client": {
      "version": "2.1.2",
      "resolved": "https://registry.npmjs.org/@commercetools/sdk-client/-/sdk-client-2.1.2.tgz",
      "integrity": "sha512-YPpK39pkjfedjS1/BFg2d7CrvTeN7vIS5vfiqEkKOtAoUxiNkugv59gRSoh2Em8SOccxyM/skpgHyTqfmJzXug=="
    },
    "@commercetools/sdk-middleware-auth": {
      "version": "6.1.4",
      "resolved": "https://registry.npmjs.org/@commercetools/sdk-middleware-auth/-/sdk-middleware-auth-6.1.4.tgz",
      "integrity": "sha512-49R1DWsA+pNHH7/2K6QU5wnJSXabljKA8dvzs5HcbLwutlDp3Io0XHgIJa9qpfYhgW6k0h9dPICcLbESrQBXYw==",
      "requires": {
        "node-fetch": "^2.3.0"
      }
    },
    "@commercetools/sdk-middleware-http": {
      "version": "6.0.11",
      "resolved": "https://registry.npmjs.org/@commercetools/sdk-middleware-http/-/sdk-middleware-http-6.0.11.tgz",
      "integrity": "sha512-9Keb5rv6fvdA9qdehBEjk/JMrAzlBbg76TodsvhCZZZteaO0+ybjFgtV0ekdGyI4awxOxgsiPDZrTmQNvnI5Wg=="
    },
    "dotenv": {
      "version": "10.0.0",
      "resolved": "https://registry.npmjs.org/dotenv/-/dotenv-10.0.0.tgz",
      "integrity": "sha512-rlBi9d8jpv9Sf1klPjNfFAuWDjKLwTIJJ/VxtoTwIR6hnZxcEOQCZg2oIL3MWBYw5GpUDKOEnND7LXTbIpQ03Q=="
    },
    "node-fetch": {
      "version": "2.6.1",
      "resolved": "https://registry.npmjs.org/node-fetch/-/node-fetch-2.6.1.tgz",
      "integrity": "sha512-V4aYg89jEoVRxRb2fJdAg8FHvI7cEyYdVAh94HH0UIK8oJxUfkjlDQN9RbMx+bEjP7+ggMiFRprSti032Oipxw=="
    }
  }
}
